// !$*UTF8*$!
{
	archiveVersion = 1;
	classes = {
	};
	objectVersion = 77;
	objects = {

/* Begin PBXBuildFile section */
		A10000082FFF74E900E36EDE /* IllusStudioFramework.framework in Frameworks */ = {isa = PBXBuildFile; fileRef = A10000012FFF74E900E36EDE /* IllusStudioFramework.framework */; };
		A10000092FFF74E900E36EDE /* IllusStudioFramework.framework in Embed Frameworks */ = {isa = PBXBuildFile; fileRef = A10000012FFF74E900E36EDE /* IllusStudioFramework.framework */; settings = {ATTRIBUTES = (CodeSignOnCopy, RemoveHeadersOnCopy, ); }; };
		A10000202FFF74E900E36EDE /* Metal.framework in Frameworks */ = {isa = PBXBuildFile; fileRef = A10000212FFF74E900E36EDE /* Metal.framework */; };
		A10000222FFF74E900E36EDE /* Foundation.framework in Frameworks */ = {isa = PBXBuildFile; fileRef = A10000232FFF74E900E36EDE /* Foundation.framework */; };
		A10000242FFF74E900E36EDE /* QuartzCore.framework in Frameworks */ = {isa = PBXBuildFile; fileRef = A10000252FFF74E900E36EDE /* QuartzCore.framework */; };
/* End PBXBuildFile section */

/* Begin PBXContainerItemProxy section */
		33B442F52FFF74E900E36EDE /* PBXContainerItemProxy */ = {
			isa = PBXContainerItemProxy;
			containerPortal = 33B442DF2FFF74E700E36EDE /* Project object */;
			proxyType = 1;
			remoteGlobalIDString = 33B442E62FFF74E700E36EDE;
			remoteInfo = gmangastudio;
		};
		33B442FF2FFF74E900E36EDE /* PBXContainerItemProxy */ = {
			isa = PBXContainerItemProxy;
			containerPortal = 33B442DF2FFF74E700E36EDE /* Project object */;
			proxyType = 1;
			remoteGlobalIDString = 33B442E62FFF74E700E36EDE;
			remoteInfo = gmangastudio;
		};
		A100000B2FFF74E900E36EDE /* PBXContainerItemProxy */ = {
			isa = PBXContainerItemProxy;
			containerPortal = 33B442DF2FFF74E700E36EDE /* Project object */;
			proxyType = 1;
			remoteGlobalIDString = A10000072FFF74E900E36EDE;
			remoteInfo = IllusStudioFramework;
		};
/* End PBXContainerItemProxy section */

/* Begin PBXCopyFilesBuildPhase section */
		A100000A2FFF74E900E36EDE /* Embed Frameworks */ = {
			isa = PBXCopyFilesBuildPhase;
			buildActionMask = 2147483647;
			dstPath = "";
			dstSubfolderSpec = 10;
			files = (
				A10000092FFF74E900E36EDE /* IllusStudioFramework.framework in Embed Frameworks */,
			);
			name = "Embed Frameworks";
			runOnlyForDeploymentPostprocessing = 0;
		};
/* End PBXCopyFilesBuildPhase section */

/* Begin PBXFileReference section */
		33B442E72FFF74E700E36EDE /* gmangastudio.app */ = {isa = PBXFileReference; explicitFileType = wrapper.application; includeInIndex = 0; path = gmangastudio.app; sourceTree = BUILT_PRODUCTS_DIR; };
		33B442F42FFF74E900E36EDE /* gmangastudioTests.xctest */ = {isa = PBXFileReference; explicitFileType = wrapper.cfbundle; includeInIndex = 0; path = gmangastudioTests.xctest; sourceTree = BUILT_PRODUCTS_DIR; };
		33B442FE2FFF74E900E36EDE /* gmangastudioUITests.xctest */ = {isa = PBXFileReference; explicitFileType = wrapper.cfbundle; includeInIndex = 0; path = gmangastudioUITests.xctest; sourceTree = BUILT_PRODUCTS_DIR; };
		A10000012FFF74E900E36EDE /* IllusStudioFramework.framework */ = {isa = PBXFileReference; explicitFileType = wrapper.framework; includeInIndex = 0; path = IllusStudioFramework.framework; sourceTree = BUILT_PRODUCTS_DIR; };
		A10000212FFF74E900E36EDE /* Metal.framework */ = {isa = PBXFileReference; lastKnownFileType = wrapper.framework; name = Metal.framework; path = System/Library/Frameworks/Metal.framework; sourceTree = SDKROOT; };
		A10000232FFF74E900E36EDE /* Foundation.framework */ = {isa = PBXFileReference; lastKnownFileType = wrapper.framework; name = Foundation.framework; path = System/Library/Frameworks/Foundation.framework; sourceTree = SDKROOT; };
		A10000252FFF74E900E36EDE /* QuartzCore.framework */ = {isa = PBXFileReference; lastKnownFileType = wrapper.framework; name = QuartzCore.framework; path = System/Library/Frameworks/QuartzCore.framework; sourceTree = SDKROOT; };
/* End PBXFileReference section */

/* Begin PBXFileSystemSynchronizedBuildFileExceptionSet section */
		A10000102FFF74E900E36EDE /* Exceptions for "IllusStudioFramework" folder in "IllusStudioFramework" target */ = {
			isa = PBXFileSystemSynchronizedBuildFileExceptionSet;
			membershipExceptions = (
				README.md,
				tools,
				"third_party/eigen",
				"third_party/glm",
				"third_party/metal-cpp",
			);
			publicHeaders = (
				CanvasEditor.hpp,
				IllusStudioFramework.h,
			);
			target = A10000072FFF74E900E36EDE /* IllusStudioFramework */;
		};
/* End PBXFileSystemSynchronizedBuildFileExceptionSet section */

/* Begin PBXFileSystemSynchronizedRootGroup section */
		33B442E92FFF74E700E36EDE /* gmangastudio */ = {
			isa = PBXFileSystemSynchronizedRootGroup;
			path = gmangastudio;
			sourceTree = "<group>";
		};
		33B442F72FFF74E900E36EDE /* gmangastudioTests */ = {
			isa = PBXFileSystemSynchronizedRootGroup;
			path = gmangastudioTests;
			sourceTree = "<group>";
		};
		33B443012FFF74E900E36EDE /* gmangastudioUITests */ = {
			isa = PBXFileSystemSynchronizedRootGroup;
			path = gmangastudioUITests;
			sourceTree = "<group>";
		};
		A10000022FFF74E900E36EDE /* IllusStudioFramework */ = {
			isa = PBXFileSystemSynchronizedRootGroup;
			exceptions = (
				A10000102FFF74E900E36EDE /* Exceptions for "IllusStudioFramework" folder in "IllusStudioFramework" target */,
			);
			explicitFolders = (
				third_party,
				tools,
			);
			path = IllusStudioFramework;
			sourceTree = "<group>";
		};
/* End PBXFileSystemSynchronizedRootGroup section */

/* Begin PBXFrameworksBuildPhase section */
		33B442E42FFF74E700E36EDE /* Frameworks */ = {
			isa = PBXFrameworksBuildPhase;
			buildActionMask = 2147483647;
			files = (
				A10000082FFF74E900E36EDE /* IllusStudioFramework.framework in Frameworks */,
			);
			runOnlyForDeploymentPostprocessing = 0;
		};
		33B442F12FFF74E900E36EDE /* Frameworks */ = {
			isa = PBXFrameworksBuildPhase;
			buildActionMask = 2147483647;
			files = (
			);
			runOnlyForDeploymentPostprocessing = 0;
		};
		33B442FB2FFF74E900E36EDE /* Frameworks */ = {
			isa = PBXFrameworksBuildPhase;
			buildActionMask = 2147483647;
			files = (
			);
			runOnlyForDeploymentPostprocessing = 0;
		};
		A10000032FFF74E900E36EDE /* Frameworks */ = {
			isa = PBXFrameworksBuildPhase;
			buildActionMask = 2147483647;
			files = (
				A10000202FFF74E900E36EDE /* Metal.framework in Frameworks */,
				A10000222FFF74E900E36EDE /* Foundation.framework in Frameworks */,
				A10000242FFF74E900E36EDE /* QuartzCore.framework in Frameworks */,
			);
			runOnlyForDeploymentPostprocessing = 0;
		};
/* End PBXFrameworksBuildPhase section */

/* Begin PBXGroup section */
		33B442DE2FFF74E700E36EDE = {
			isa = PBXGroup;
			children = (
				33B442E92FFF74E700E36EDE /* gmangastudio */,
				A10000022FFF74E900E36EDE /* IllusStudioFramework */,
				33B442F72FFF74E900E36EDE /* gmangastudioTests */,
				33B443012FFF74E900E36EDE /* gmangastudioUITests */,
				33B442E82FFF74E700E36EDE /* Products */,
				33B445AB2FFF817B00E36EDE /* Recovered References */,
			);
			sourceTree = "<group>";
		};
		33B442E82FFF74E700E36EDE /* Products */ = {
			isa = PBXGroup;
			children = (
				33B442E72FFF74E700E36EDE /* gmangastudio.app */,
				A10000012FFF74E900E36EDE /* IllusStudioFramework.framework */,
				33B442F42FFF74E900E36EDE /* gmangastudioTests.xctest */,
				33B442FE2FFF74E900E36EDE /* gmangastudioUITests.xctest */,
			);
			name = Products;
			sourceTree = "<group>";
		};
		33B445AB2FFF817B00E36EDE /* Recovered References */ = {
			isa = PBXGroup;
			children = (
				A10000212FFF74E900E36EDE /* Metal.framework */,
				A10000232FFF74E900E36EDE /* Foundation.framework */,
				A10000252FFF74E900E36EDE /* QuartzCore.framework */,
			);
			name = "Recovered References";
			sourceTree = "<group>";
		};
/* End PBXGroup section */

/* Begin PBXHeadersBuildPhase section */
		A10000042FFF74E900E36EDE /* Headers */ = {
			isa = PBXHeadersBuildPhase;
			buildActionMask = 2147483647;
			files = (
			);
			runOnlyForDeploymentPostprocessing = 0;
		};
/* End PBXHeadersBuildPhase section */

/* Begin PBXNativeTarget section */
		33B442E62FFF74E700E36EDE /* gmangastudio */ = {
			isa = PBXNativeTarget;
			buildConfigurationList = 33B443082FFF74E900E36EDE /* Build configuration list for PBXNativeTarget "gmangastudio" */;
			buildPhases = (
				33B442E32FFF74E700E36EDE /* Sources */,
				33B442E42FFF74E700E36EDE /* Frameworks */,
				33B442E52FFF74E700E36EDE /* Resources */,
				A100000A2FFF74E900E36EDE /* Embed Frameworks */,
			);
			buildRules = (
			);
			dependencies = (
				A100000C2FFF74E900E36EDE /* PBXTargetDependency */,
			);
			fileSystemSynchronizedGroups = (
				33B442E92FFF74E700E36EDE /* gmangastudio */,
			);
			name = gmangastudio;
			packageProductDependencies = (
			);
			productName = gmangastudio;
			productReference = 33B442E72FFF74E700E36EDE /* gmangastudio.app */;
			productType = "com.apple.product-type.application";
		};
		33B442F32FFF74E900E36EDE /* gmangastudioTests */ = {
			isa = PBXNativeTarget;
			buildConfigurationList = 33B4430B2FFF74E900E36EDE /* Build configuration list for PBXNativeTarget "gmangastudioTests" */;
			buildPhases = (
				33B442F02FFF74E900E36EDE /* Sources */,
				33B442F12FFF74E900E36EDE /* Frameworks */,
				33B442F22FFF74E900E36EDE /* Resources */,
			);
			buildRules = (
			);
			dependencies = (
				33B442F62FFF74E900E36EDE /* PBXTargetDependency */,
			);
			fileSystemSynchronizedGroups = (
				33B442F72FFF74E900E36EDE /* gmangastudioTests */,
			);
			name = gmangastudioTests;
			packageProductDependencies = (
			);
			productName = gmangastudioTests;
			productReference = 33B442F42FFF74E900E36EDE /* gmangastudioTests.xctest */;
			productType = "com.apple.product-type.bundle.unit-test";
		};
		33B442FD2FFF74E900E36EDE /* gmangastudioUITests */ = {
			isa = PBXNativeTarget;
			buildConfigurationList = 33B4430E2FFF74E900E36EDE /* Build configuration list for PBXNativeTarget "gmangastudioUITests" */;
			buildPhases = (
				33B442FA2FFF74E900E36EDE /* Sources */,
				33B442FB2FFF74E900E36EDE /* Frameworks */,
				33B442FC2FFF74E900E36EDE /* Resources */,
			);
			buildRules = (
			);
			dependencies = (
				33B443002FFF74E900E36EDE /* PBXTargetDependency */,
			);
			fileSystemSynchronizedGroups = (
				33B443012FFF74E900E36EDE /* gmangastudioUITests */,
			);
			name = gmangastudioUITests;
			packageProductDependencies = (
			);
			productName = gmangastudioUITests;
			productReference = 33B442FE2FFF74E900E36EDE /* gmangastudioUITests.xctest */;
			productType = "com.apple.product-type.bundle.ui-testing";
		};
		A10000072FFF74E900E36EDE /* IllusStudioFramework */ = {
			isa = PBXNativeTarget;
			buildConfigurationList = A100000F2FFF74E900E36EDE /* Build configuration list for PBXNativeTarget "IllusStudioFramework" */;
			buildPhases = (
				A10000042FFF74E900E36EDE /* Headers */,
				A10000052FFF74E900E36EDE /* Sources */,
				A10000032FFF74E900E36EDE /* Frameworks */,
				A10000062FFF74E900E36EDE /* Resources */,
			);
			buildRules = (
			);
			dependencies = (
			);
			fileSystemSynchronizedGroups = (
				A10000022FFF74E900E36EDE /* IllusStudioFramework */,
			);
			name = IllusStudioFramework;
			packageProductDependencies = (
			);
			productName = IllusStudioFramework;
			productReference = A10000012FFF74E900E36EDE /* IllusStudioFramework.framework */;
			productType = "com.apple.product-type.framework";
		};
/* End PBXNativeTarget section */

/* Begin PBXProject section */
		33B442DF2FFF74E700E36EDE /* Project object */ = {
			isa = PBXProject;
			attributes = {
				BuildIndependentTargetsInParallel = 1;
				LastSwiftUpdateCheck = 2630;
				LastUpgradeCheck = 2630;
				TargetAttributes = {
					33B442E62FFF74E700E36EDE = {
						CreatedOnToolsVersion = 26.3;
					};
					33B442F32FFF74E900E36EDE = {
						CreatedOnToolsVersion = 26.3;
						TestTargetID = 33B442E62FFF74E700E36EDE;
					};
					33B442FD2FFF74E900E36EDE = {
						CreatedOnToolsVersion = 26.3;
						TestTargetID = 33B442E62FFF74E700E36EDE;
					};
					A10000072FFF74E900E36EDE = {
						CreatedOnToolsVersion = 26.3;
					};
				};
			};
			buildConfigurationList = 33B442E22FFF74E700E36EDE /* Build configuration list for PBXProject "gmangastudio" */;
			developmentRegion = en;
			hasScannedForEncodings = 0;
			knownRegions = (
				en,
				Base,
			);
			mainGroup = 33B442DE2FFF74E700E36EDE;
			minimizedProjectReferenceProxies = 1;
			preferredProjectObjectVersion = 77;
			productRefGroup = 33B442E82FFF74E700E36EDE /* Products */;
			projectDirPath = "";
			projectRoot = "";
			targets = (
				A10000072FFF74E900E36EDE /* IllusStudioFramework */,
				33B442E62FFF74E700E36EDE /* gmangastudio */,
				33B442F32FFF74E900E36EDE /* gmangastudioTests */,
				33B442FD2FFF74E900E36EDE /* gmangastudioUITests */,
			);
		};
/* End PBXProject section */

/* Begin PBXResourcesBuildPhase section */
		33B442E52FFF74E700E36EDE /* Resources */ = {
			isa = PBXResourcesBuildPhase;
			buildActionMask = 2147483647;
			files = (
			);
			runOnlyForDeploymentPostprocessing = 0;
		};
		33B442F22FFF74E900E36EDE /* Resources */ = {
			isa = PBXResourcesBuildPhase;
			buildActionMask = 2147483647;
			files = (
			);
			runOnlyForDeploymentPostprocessing = 0;
		};
		33B442FC2FFF74E900E36EDE /* Resources */ = {
			isa = PBXResourcesBuildPhase;
			buildActionMask = 2147483647;
			files = (
			);
			runOnlyForDeploymentPostprocessing = 0;
		};
		A10000062FFF74E900E36EDE /* Resources */ = {
			isa = PBXResourcesBuildPhase;
			buildActionMask = 2147483647;
			files = (
			);
			runOnlyForDeploymentPostprocessing = 0;
		};
/* End PBXResourcesBuildPhase section */

/* Begin PBXSourcesBuildPhase section */
		33B442E32FFF74E700E36EDE /* Sources */ = {
			isa = PBXSourcesBuildPhase;
			buildActionMask = 2147483647;
			files = (
			);
			runOnlyForDeploymentPostprocessing = 0;
		};
		33B442F02FFF74E900E36EDE /* Sources */ = {
			isa = PBXSourcesBuildPhase;
			buildActionMask = 2147483647;
			files = (
			);
			runOnlyForDeploymentPostprocessing = 0;
		};
		33B442FA2FFF74E900E36EDE /* Sources */ = {
			isa = PBXSourcesBuildPhase;
			buildActionMask = 2147483647;
			files = (
			);
			runOnlyForDeploymentPostprocessing = 0;
		};
		A10000052FFF74E900E36EDE /* Sources */ = {
			isa = PBXSourcesBuildPhase;
			buildActionMask = 2147483647;
			files = (
			);
			runOnlyForDeploymentPostprocessing = 0;
		};
/* End PBXSourcesBuildPhase section */

/* Begin PBXTargetDependency section */
		33B442F62FFF74E900E36EDE /* PBXTargetDependency */ = {
			isa = PBXTargetDependency;
			target = 33B442E62FFF74E700E36EDE /* gmangastudio */;
			targetProxy = 33B442F52FFF74E900E36EDE /* PBXContainerItemProxy */;
		};
		33B443002FFF74E900E36EDE /* PBXTargetDependency */ = {
			isa = PBXTargetDependency;
			target = 33B442E62FFF74E700E36EDE /* gmangastudio */;
			targetProxy = 33B442FF2FFF74E900E36EDE /* PBXContainerItemProxy */;
		};
		A100000C2FFF74E900E36EDE /* PBXTargetDependency */ = {
			isa = PBXTargetDependency;
			target = A10000072FFF74E900E36EDE /* IllusStudioFramework */;
			targetProxy = A100000B2FFF74E900E36EDE /* PBXContainerItemProxy */;
		};
/* End PBXTargetDependency section */

/* Begin XCBuildConfiguration section */
		33B443062FFF74E900E36EDE /* Debug */ = {
			isa = XCBuildConfiguration;
			buildSettings = {
				ALWAYS_SEARCH_USER_PATHS = NO;
				ASSETCATALOG_COMPILER_GENERATE_SWIFT_ASSET_SYMBOL_EXTENSIONS = YES;
				CLANG_ANALYZER_NONNULL = YES;
				CLANG_ANALYZER_NUMBER_OBJECT_CONVERSION = YES_AGGRESSIVE;
				CLANG_CXX_LANGUAGE_STANDARD = "gnu++20";
				CLANG_ENABLE_MODULES = YES;
				CLANG_ENABLE_OBJC_ARC = YES;
				CLANG_ENABLE_OBJC_WEAK = YES;
				CLANG_WARN_BLOCK_CAPTURE_AUTORELEASING = YES;
				CLANG_WARN_BOOL_CONVERSION = YES;
				CLANG_WARN_COMMA = YES;
				CLANG_WARN_CONSTANT_CONVERSION = YES;
				CLANG_WARN_DEPRECATED_OBJC_IMPLEMENTATIONS = YES;
				CLANG_WARN_DIRECT_OBJC_ISA_USAGE = YES_ERROR;
				CLANG_WARN_DOCUMENTATION_COMMENTS = YES;
				CLANG_WARN_EMPTY_BODY = YES;
				CLANG_WARN_ENUM_CONVERSION = YES;
				CLANG_WARN_INFINITE_RECURSION = YES;
				CLANG_WARN_INT_CONVERSION = YES;
				CLANG_WARN_NON_LITERAL_NULL_CONVERSION = YES;
				CLANG_WARN_OBJC_IMPLICIT_RETAIN_SELF = YES;
				CLANG_WARN_OBJC_LITERAL_CONVERSION = YES;
				CLANG_WARN_OBJC_ROOT_CLASS = YES_ERROR;
				CLANG_WARN_QUOTED_INCLUDE_IN_FRAMEWORK_HEADER = YES;
				CLANG_WARN_RANGE_LOOP_ANALYSIS = YES;
				CLANG_WARN_STRICT_PROTOTYPES = YES;
				CLANG_WARN_SUSPICIOUS_MOVE = YES;
				CLANG_WARN_UNGUARDED_AVAILABILITY = YES_AGGRESSIVE;
				CLANG_WARN_UNREACHABLE_CODE = YES;
				CLANG_WARN__DUPLICATE_METHOD_MATCH = YES;
				COPY_PHASE_STRIP = NO;
				DEBUG_INFORMATION_FORMAT = dwarf;
				DEVELOPMENT_TEAM = UN2F7R2M42;
				ENABLE_STRICT_OBJC_MSGSEND = YES;
				ENABLE_TESTABILITY = YES;
				ENABLE_USER_SCRIPT_SANDBOXING = YES;
				GCC_C_LANGUAGE_STANDARD = gnu17;
				GCC_DYNAMIC_NO_PIC = NO;
				GCC_NO_COMMON_BLOCKS = YES;
				GCC_OPTIMIZATION_LEVEL = 0;
				GCC_PREPROCESSOR_DEFINITIONS = (
					"DEBUG=1",
					"$(inherited)",
				);
				GCC_WARN_64_TO_32_BIT_CONVERSION = YES;
				GCC_WARN_ABOUT_RETURN_TYPE = YES_ERROR;
				GCC_WARN_UNDECLARED_SELECTOR = YES;
				GCC_WARN_UNINITIALIZED_AUTOS = YES_AGGRESSIVE;
				GCC_WARN_UNUSED_FUNCTION = YES;
				GCC_WARN_UNUSED_VARIABLE = YES;
				LOCALIZATION_PREFERS_STRING_CATALOGS = YES;
				MTL_ENABLE_DEBUG_INFO = INCLUDE_SOURCE;
				MTL_FAST_MATH = YES;
				ONLY_ACTIVE_ARCH = YES;
				SWIFT_ACTIVE_COMPILATION_CONDITIONS = "DEBUG $(inherited)";
				SWIFT_OPTIMIZATION_LEVEL = "-Onone";
			};
			name = Debug;
		};
		33B443072FFF74E900E36EDE /* Release */ = {
			isa = XCBuildConfiguration;
			buildSettings = {
				ALWAYS_SEARCH_USER_PATHS = NO;
				ASSETCATALOG_COMPILER_GENERATE_SWIFT_ASSET_SYMBOL_EXTENSIONS = YES;
				CLANG_ANALYZER_NONNULL = YES;
				CLANG_ANALYZER_NUMBER_OBJECT_CONVERSION = YES_AGGRESSIVE;
				CLANG_CXX_LANGUAGE_STANDARD = "gnu++20";
				CLANG_ENABLE_MODULES = YES;
				CLANG_ENABLE_OBJC_ARC = YES;
				CLANG_ENABLE_OBJC_WEAK = YES;
				CLANG_WARN_BLOCK_CAPTURE_AUTORELEASING = YES;
				CLANG_WARN_BOOL_CONVERSION = YES;
				CLANG_WARN_COMMA = YES;
				CLANG_WARN_CONSTANT_CONVERSION = YES;
				CLANG_WARN_DEPRECATED_OBJC_IMPLEMENTATIONS = YES;
				CLANG_WARN_DIRECT_OBJC_ISA_USAGE = YES_ERROR;
				CLANG_WARN_DOCUMENTATION_COMMENTS = YES;
				CLANG_WARN_EMPTY_BODY = YES;
				CLANG_WARN_ENUM_CONVERSION = YES;
				CLANG_WARN_INFINITE_RECURSION = YES;
				CLANG_WARN_INT_CONVERSION = YES;
				CLANG_WARN_NON_LITERAL_NULL_CONVERSION = YES;
				CLANG_WARN_OBJC_IMPLICIT_RETAIN_SELF = YES;
				CLANG_WARN_OBJC_LITERAL_CONVERSION = YES;
				CLANG_WARN_OBJC_ROOT_CLASS = YES_ERROR;
				CLANG_WARN_QUOTED_INCLUDE_IN_FRAMEWORK_HEADER = YES;
				CLANG_WARN_RANGE_LOOP_ANALYSIS = YES;
				CLANG_WARN_STRICT_PROTOTYPES = YES;
				CLANG_WARN_SUSPICIOUS_MOVE = YES;
				CLANG_WARN_UNGUARDED_AVAILABILITY = YES_AGGRESSIVE;
				CLANG_WARN_UNREACHABLE_CODE = YES;
				CLANG_WARN__DUPLICATE_METHOD_MATCH = YES;
				COPY_PHASE_STRIP = NO;
				DEBUG_INFORMATION_FORMAT = "dwarf-with-dsym";
				DEVELOPMENT_TEAM = UN2F7R2M42;
				ENABLE_NS_ASSERTIONS = NO;
				ENABLE_STRICT_OBJC_MSGSEND = YES;
				ENABLE_USER_SCRIPT_SANDBOXING = YES;
				GCC_C_LANGUAGE_STANDARD = gnu17;
				GCC_NO_COMMON_BLOCKS = YES;
				GCC_WARN_64_TO_32_BIT_CONVERSION = YES;
				GCC_WARN_ABOUT_RETURN_TYPE = YES_ERROR;
				GCC_WARN_UNDECLARED_SELECTOR = YES;
				GCC_WARN_UNINITIALIZED_AUTOS = YES_AGGRESSIVE;
				GCC_WARN_UNUSED_FUNCTION = YES;
				GCC_WARN_UNUSED_VARIABLE = YES;
				LOCALIZATION_PREFERS_STRING_CATALOGS = YES;
				MTL_ENABLE_DEBUG_INFO = NO;
				MTL_FAST_MATH = YES;
				SWIFT_COMPILATION_MODE = wholemodule;
			};
			name = Release;
		};
		33B443092FFF74E900E36EDE /* Debug */ = {
			isa = XCBuildConfiguration;
			buildSettings = {
				ASSETCATALOG_COMPILER_APPICON_NAME = AppIcon;
				ASSETCATALOG_COMPILER_GLOBAL_ACCENT_COLOR_NAME = AccentColor;
				CODE_SIGN_STYLE = Automatic;
				CURRENT_PROJECT_VERSION = 1;
				DEVELOPMENT_TEAM = UN2F7R2M42;
				ENABLE_APP_SANDBOX = YES;
				ENABLE_HARDENED_RUNTIME = YES;
				ENABLE_PREVIEWS = YES;
				ENABLE_USER_SELECTED_FILES = readonly;
				GENERATE_INFOPLIST_FILE = YES;
				INFOPLIST_KEY_LSApplicationCategoryType = "public.app-category.utilities";
				"INFOPLIST_KEY_UIApplicationSceneManifest_Generation[sdk=iphoneos*]" = YES;
				"INFOPLIST_KEY_UIApplicationSceneManifest_Generation[sdk=iphonesimulator*]" = YES;
				"INFOPLIST_KEY_UIApplicationSupportsIndirectInputEvents[sdk=iphoneos*]" = YES;
				"INFOPLIST_KEY_UIApplicationSupportsIndirectInputEvents[sdk=iphonesimulator*]" = YES;
				"INFOPLIST_KEY_UILaunchScreen_Generation[sdk=iphoneos*]" = YES;
				"INFOPLIST_KEY_UILaunchScreen_Generation[sdk=iphonesimulator*]" = YES;
				INFOPLIST_KEY_UIStatusBarHidden = YES;
				"INFOPLIST_KEY_UIStatusBarStyle[sdk=iphoneos*]" = UIStatusBarStyleDefault;
				"INFOPLIST_KEY_UIStatusBarStyle[sdk=iphonesimulator*]" = UIStatusBarStyleDefault;
				INFOPLIST_KEY_UISupportedInterfaceOrientations = "UIInterfaceOrientationLandscapeLeft UIInterfaceOrientationLandscapeRight UIInterfaceOrientationPortrait";
				INFOPLIST_KEY_UISupportedInterfaceOrientations_iPad = "UIInterfaceOrientationLandscapeLeft UIInterfaceOrientationLandscapeRight";
				IPHONEOS_DEPLOYMENT_TARGET = 26.2;
				LD_RUNPATH_SEARCH_PATHS = "@executable_path/Frameworks";
				"LD_RUNPATH_SEARCH_PATHS[sdk=macosx*]" = "@executable_path/../Frameworks";
				MACOSX_DEPLOYMENT_TARGET = 26.2;
				MARKETING_VERSION = 1.0;
				PRODUCT_BUNDLE_IDENTIFIER = com.app.gmangastudio;
				PRODUCT_NAME = "$(TARGET_NAME)";
				REGISTER_APP_GROUPS = YES;
				SDKROOT = auto;
				STRING_CATALOG_GENERATE_SYMBOLS = YES;
				SUPPORTED_PLATFORMS = "iphoneos iphonesimulator macosx";
				SUPPORTS_MACCATALYST = NO;
				SWIFT_APPROACHABLE_CONCURRENCY = YES;
				SWIFT_DEFAULT_ACTOR_ISOLATION = MainActor;
				SWIFT_EMIT_LOC_STRINGS = YES;
				SWIFT_OBJC_INTEROP_MODE = objcxx;
				SWIFT_UPCOMING_FEATURE_MEMBER_IMPORT_VISIBILITY = YES;
				SWIFT_VERSION = 5.0;
				TARGETED_DEVICE_FAMILY = 2;
				XROS_DEPLOYMENT_TARGET = 26.2;
			};
			name = Debug;
		};
		33B4430A2FFF74E900E36EDE /* Release */ = {
			isa = XCBuildConfiguration;
			buildSettings = {
				ASSETCATALOG_COMPILER_APPICON_NAME = AppIcon;
				ASSETCATALOG_COMPILER_GLOBAL_ACCENT_COLOR_NAME = AccentColor;
				CODE_SIGN_STYLE = Automatic;
				CURRENT_PROJECT_VERSION = 1;
				DEVELOPMENT_TEAM = UN2F7R2M42;
				ENABLE_APP_SANDBOX = YES;
				ENABLE_HARDENED_RUNTIME = YES;
				ENABLE_PREVIEWS = YES;
				ENABLE_USER_SELECTED_FILES = readonly;
				GENERATE_INFOPLIST_FILE = YES;
				INFOPLIST_KEY_LSApplicationCategoryType = "public.app-category.utilities";
				"INFOPLIST_KEY_UIApplicationSceneManifest_Generation[sdk=iphoneos*]" = YES;
				"INFOPLIST_KEY_UIApplicationSceneManifest_Generation[sdk=iphonesimulator*]" = YES;
				"INFOPLIST_KEY_UIApplicationSupportsIndirectInputEvents[sdk=iphoneos*]" = YES;
				"INFOPLIST_KEY_UIApplicationSupportsIndirectInputEvents[sdk=iphonesimulator*]" = YES;
				"INFOPLIST_KEY_UILaunchScreen_Generation[sdk=iphoneos*]" = YES;
				"INFOPLIST_KEY_UILaunchScreen_Generation[sdk=iphonesimulator*]" = YES;
				INFOPLIST_KEY_UIStatusBarHidden = YES;
				"INFOPLIST_KEY_UIStatusBarStyle[sdk=iphoneos*]" = UIStatusBarStyleDefault;
				"INFOPLIST_KEY_UIStatusBarStyle[sdk=iphonesimulator*]" = UIStatusBarStyleDefault;
				INFOPLIST_KEY_UISupportedInterfaceOrientations = "UIInterfaceOrientationLandscapeLeft UIInterfaceOrientationLandscapeRight UIInterfaceOrientationPortrait";
				INFOPLIST_KEY_UISupportedInterfaceOrientations_iPad = "UIInterfaceOrientationLandscapeLeft UIInterfaceOrientationLandscapeRight";
				IPHONEOS_DEPLOYMENT_TARGET = 26.2;
				LD_RUNPATH_SEARCH_PATHS = "@executable_path/Frameworks";
				"LD_RUNPATH_SEARCH_PATHS[sdk=macosx*]" = "@executable_path/../Frameworks";
				MACOSX_DEPLOYMENT_TARGET = 26.2;
				MARKETING_VERSION = 1.0;
				PRODUCT_BUNDLE_IDENTIFIER = com.app.gmangastudio;
				PRODUCT_NAME = "$(TARGET_NAME)";
				REGISTER_APP_GROUPS = YES;
				SDKROOT = auto;
				STRING_CATALOG_GENERATE_SYMBOLS = YES;
				SUPPORTED_PLATFORMS = "iphoneos iphonesimulator macosx";
				SUPPORTS_MACCATALYST = NO;
				SWIFT_APPROACHABLE_CONCURRENCY = YES;
				SWIFT_DEFAULT_ACTOR_ISOLATION = MainActor;
				SWIFT_EMIT_LOC_STRINGS = YES;
				SWIFT_OBJC_INTEROP_MODE = objcxx;
				SWIFT_UPCOMING_FEATURE_MEMBER_IMPORT_VISIBILITY = YES;
				SWIFT_VERSION = 5.0;
				TARGETED_DEVICE_FAMILY = 2;
				XROS_DEPLOYMENT_TARGET = 26.2;
			};
			name = Release;
		};
		33B4430C2FFF74E900E36EDE /* Debug */ = {
			isa = XCBuildConfiguration;
			buildSettings = {
				BUNDLE_LOADER = "$(TEST_HOST)";
				CODE_SIGN_STYLE = Automatic;
				CURRENT_PROJECT_VERSION = 1;
				DEVELOPMENT_TEAM = UN2F7R2M42;
				GENERATE_INFOPLIST_FILE = YES;
				IPHONEOS_DEPLOYMENT_TARGET = 26.2;
				MACOSX_DEPLOYMENT_TARGET = 26.2;
				MARKETING_VERSION = 1.0;
				PRODUCT_BUNDLE_IDENTIFIER = com.app.gmangastudioTests;
				PRODUCT_NAME = "$(TARGET_NAME)";
				SDKROOT = auto;
				STRING_CATALOG_GENERATE_SYMBOLS = NO;
				SUPPORTED_PLATFORMS = "iphoneos iphonesimulator macosx xros xrsimulator";
				SWIFT_APPROACHABLE_CONCURRENCY = YES;
				SWIFT_EMIT_LOC_STRINGS = NO;
				SWIFT_UPCOMING_FEATURE_MEMBER_IMPORT_VISIBILITY = YES;
				SWIFT_VERSION = 5.0;
				TARGETED_DEVICE_FAMILY = "1,2,7";
				TEST_HOST = "$(BUILT_PRODUCTS_DIR)/gmangastudio.app/$(BUNDLE_EXECUTABLE_FOLDER_PATH)/gmangastudio";
				XROS_DEPLOYMENT_TARGET = 26.2;
			};
			name = Debug;
		};
		33B4430D2FFF74E900E36EDE /* Release */ = {
			isa = XCBuildConfiguration;
			buildSettings = {
				BUNDLE_LOADER = "$(TEST_HOST)";
				CODE_SIGN_STYLE = Automatic;
				CURRENT_PROJECT_VERSION = 1;
				DEVELOPMENT_TEAM = UN2F7R2M42;
				GENERATE_INFOPLIST_FILE = YES;
				IPHONEOS_DEPLOYMENT_TARGET = 26.2;
				MACOSX_DEPLOYMENT_TARGET = 26.2;
				MARKETING_VERSION = 1.0;
				PRODUCT_BUNDLE_IDENTIFIER = com.app.gmangastudioTests;
				PRODUCT_NAME = "$(TARGET_NAME)";
				SDKROOT = auto;
				STRING_CATALOG_GENERATE_SYMBOLS = NO;
				SUPPORTED_PLATFORMS = "iphoneos iphonesimulator macosx xros xrsimulator";
				SWIFT_APPROACHABLE_CONCURRENCY = YES;
				SWIFT_EMIT_LOC_STRINGS = NO;
				SWIFT_UPCOMING_FEATURE_MEMBER_IMPORT_VISIBILITY = YES;
				SWIFT_VERSION = 5.0;
				TARGETED_DEVICE_FAMILY = "1,2,7";
				TEST_HOST = "$(BUILT_PRODUCTS_DIR)/gmangastudio.app/$(BUNDLE_EXECUTABLE_FOLDER_PATH)/gmangastudio";
				XROS_DEPLOYMENT_TARGET = 26.2;
			};
			name = Release;
		};
		33B4430F2FFF74E900E36EDE /* Debug */ = {
			isa = XCBuildConfiguration;
			buildSettings = {
				CODE_SIGN_STYLE = Automatic;
				CURRENT_PROJECT_VERSION = 1;
				DEVELOPMENT_TEAM = UN2F7R2M42;
				GENERATE_INFOPLIST_FILE = YES;
				IPHONEOS_DEPLOYMENT_TARGET = 26.2;
				MACOSX_DEPLOYMENT_TARGET = 26.2;
				MARKETING_VERSION = 1.0;
				PRODUCT_BUNDLE_IDENTIFIER = com.app.gmangastudioUITests;
				PRODUCT_NAME = "$(TARGET_NAME)";
				SDKROOT = auto;
				STRING_CATALOG_GENERATE_SYMBOLS = NO;
				SUPPORTED_PLATFORMS = "iphoneos iphonesimulator macosx xros xrsimulator";
				SWIFT_APPROACHABLE_CONCURRENCY = YES;
				SWIFT_EMIT_LOC_STRINGS = NO;
				SWIFT_UPCOMING_FEATURE_MEMBER_IMPORT_VISIBILITY = YES;
				SWIFT_VERSION = 5.0;
				TARGETED_DEVICE_FAMILY = "1,2,7";
				TEST_TARGET_NAME = gmangastudio;
				XROS_DEPLOYMENT_TARGET = 26.2;
			};
			name = Debug;
		};
		33B443102FFF74E900E36EDE /* Release */ = {
			isa = XCBuildConfiguration;
			buildSettings = {
				CODE_SIGN_STYLE = Automatic;
				CURRENT_PROJECT_VERSION = 1;
				DEVELOPMENT_TEAM = UN2F7R2M42;
				GENERATE_INFOPLIST_FILE = YES;
				IPHONEOS_DEPLOYMENT_TARGET = 26.2;
				MACOSX_DEPLOYMENT_TARGET = 26.2;
				MARKETING_VERSION = 1.0;
				PRODUCT_BUNDLE_IDENTIFIER = com.app.gmangastudioUITests;
				PRODUCT_NAME = "$(TARGET_NAME)";
				SDKROOT = auto;
				STRING_CATALOG_GENERATE_SYMBOLS = NO;
				SUPPORTED_PLATFORMS = "iphoneos iphonesimulator macosx xros xrsimulator";
				SWIFT_APPROACHABLE_CONCURRENCY = YES;
				SWIFT_EMIT_LOC_STRINGS = NO;
				SWIFT_UPCOMING_FEATURE_MEMBER_IMPORT_VISIBILITY = YES;
				SWIFT_VERSION = 5.0;
				TARGETED_DEVICE_FAMILY = "1,2,7";
				TEST_TARGET_NAME = gmangastudio;
				XROS_DEPLOYMENT_TARGET = 26.2;
			};
			name = Release;
		};
		A100000D2FFF74E900E36EDE /* Debug */ = {
			isa = XCBuildConfiguration;
			buildSettings = {
				BUILD_LIBRARY_FOR_DISTRIBUTION = YES;
				CLANG_CXX_LANGUAGE_STANDARD = "gnu++20";
				CLANG_ENABLE_MODULES = YES;
				CODE_SIGN_STYLE = Automatic;
				CURRENT_PROJECT_VERSION = 1;
				DEFINES_MODULE = YES;
				DEVELOPMENT_TEAM = UN2F7R2M42;
				DYLIB_COMPATIBILITY_VERSION = 1;
				DYLIB_CURRENT_VERSION = 1;
				DYLIB_INSTALL_NAME_BASE = "@rpath";
				GENERATE_INFOPLIST_FILE = YES;
				HEADER_SEARCH_PATHS = (
					"$(inherited)",
					"$(SRCROOT)/IllusStudioFramework/src",
				);
				SYSTEM_HEADER_SEARCH_PATHS = (
					"$(inherited)",
					"$(SRCROOT)/IllusStudioFramework/third_party/metal-cpp",
					"$(SRCROOT)/IllusStudioFramework/third_party/eigen",
					"$(SRCROOT)/IllusStudioFramework/third_party/glm",
				);
				INFOPLIST_KEY_NSHumanReadableCopyright = "";
				INSTALL_PATH = "$(LOCAL_LIBRARY_DIR)/Frameworks";
				IPHONEOS_DEPLOYMENT_TARGET = 26.2;
				LD_RUNPATH_SEARCH_PATHS = (
					"$(inherited)",
					"@executable_path/Frameworks",
					"@loader_path/Frameworks",
				);
				"LD_RUNPATH_SEARCH_PATHS[sdk=macosx*]" = (
					"$(inherited)",
					"@executable_path/../Frameworks",
					"@loader_path/Frameworks",
				);
				MACOSX_DEPLOYMENT_TARGET = 26.2;
				MARKETING_VERSION = 1.0;
				MODULEMAP_FILE = IllusStudioFramework/module.modulemap;
				OTHER_LDFLAGS = (
					"$(inherited)",
					"-lz",
					"-framework",
					ImageIO,
					"-framework",
					CoreGraphics,
				);
				PRODUCT_BUNDLE_IDENTIFIER = com.app.IllusStudioFramework;
				PRODUCT_NAME = "$(TARGET_NAME:c99extidentifier)";
				SDKROOT = auto;
				SKIP_INSTALL = YES;
				SUPPORTED_PLATFORMS = "iphoneos iphonesimulator macosx";
				SUPPORTS_MACCATALYST = NO;
				SWIFT_VERSION = 5.0;
				TARGETED_DEVICE_FAMILY = 2;
				VERSIONING_SYSTEM = "apple-generic";
				VERSION_INFO_PREFIX = "";
			};
			name = Debug;
		};
		A100000E2FFF74E900E36EDE /* Release */ = {
			isa = XCBuildConfiguration;
			buildSettings = {
				BUILD_LIBRARY_FOR_DISTRIBUTION = YES;
				CLANG_CXX_LANGUAGE_STANDARD = "gnu++20";
				CLANG_ENABLE_MODULES = YES;
				CODE_SIGN_STYLE = Automatic;
				CURRENT_PROJECT_VERSION = 1;
				DEFINES_MODULE = YES;
				DEVELOPMENT_TEAM = UN2F7R2M42;
				DYLIB_COMPATIBILITY_VERSION = 1;
				DYLIB_CURRENT_VERSION = 1;
				DYLIB_INSTALL_NAME_BASE = "@rpath";
				GENERATE_INFOPLIST_FILE = YES;
				HEADER_SEARCH_PATHS = (
					"$(inherited)",
					"$(SRCROOT)/IllusStudioFramework/src",
				);
				SYSTEM_HEADER_SEARCH_PATHS = (
					"$(inherited)",
					"$(SRCROOT)/IllusStudioFramework/third_party/metal-cpp",
					"$(SRCROOT)/IllusStudioFramework/third_party/eigen",
					"$(SRCROOT)/IllusStudioFramework/third_party/glm",
				);
				INFOPLIST_KEY_NSHumanReadableCopyright = "";
				INSTALL_PATH = "$(LOCAL_LIBRARY_DIR)/Frameworks";
				IPHONEOS_DEPLOYMENT_TARGET = 26.2;
				LD_RUNPATH_SEARCH_PATHS = (
					"$(inherited)",
					"@executable_path/Frameworks",
					"@loader_path/Frameworks",
				);
				"LD_RUNPATH_SEARCH_PATHS[sdk=macosx*]" = (
					"$(inherited)",
					"@executable_path/../Frameworks",
					"@loader_path/Frameworks",
				);
				MACOSX_DEPLOYMENT_TARGET = 26.2;
				MARKETING_VERSION = 1.0;
				MODULEMAP_FILE = IllusStudioFramework/module.modulemap;
				OTHER_LDFLAGS = (
					"$(inherited)",
					"-lz",
					"-framework",
					ImageIO,
					"-framework",
					CoreGraphics,
				);
				PRODUCT_BUNDLE_IDENTIFIER = com.app.IllusStudioFramework;
				PRODUCT_NAME = "$(TARGET_NAME:c99extidentifier)";
				SDKROOT = auto;
				SKIP_INSTALL = YES;
				SUPPORTED_PLATFORMS = "iphoneos iphonesimulator macosx";
				SUPPORTS_MACCATALYST = NO;
				SWIFT_VERSION = 5.0;
				TARGETED_DEVICE_FAMILY = 2;
				VERSIONING_SYSTEM = "apple-generic";
				VERSION_INFO_PREFIX = "";
			};
			name = Release;
		};
/* End XCBuildConfiguration section */

/* Begin XCConfigurationList section */
		33B442E22FFF74E700E36EDE /* Build configuration list for PBXProject "gmangastudio" */ = {
			isa = XCConfigurationList;
			buildConfigurations = (
				33B443062FFF74E900E36EDE /* Debug */,
				33B443072FFF74E900E36EDE /* Release */,
			);
			defaultConfigurationIsVisible = 0;
			defaultConfigurationName = Release;
		};
		33B443082FFF74E900E36EDE /* Build configuration list for PBXNativeTarget "gmangastudio" */ = {
			isa = XCConfigurationList;
			buildConfigurations = (
				33B443092FFF74E900E36EDE /* Debug */,
				33B4430A2FFF74E900E36EDE /* Release */,
			);
			defaultConfigurationIsVisible = 0;
			defaultConfigurationName = Release;
		};
		33B4430B2FFF74E900E36EDE /* Build configuration list for PBXNativeTarget "gmangastudioTests" */ = {
			isa = XCConfigurationList;
			buildConfigurations = (
				33B4430C2FFF74E900E36EDE /* Debug */,
				33B4430D2FFF74E900E36EDE /* Release */,
			);
			defaultConfigurationIsVisible = 0;
			defaultConfigurationName = Release;
		};
		33B4430E2FFF74E900E36EDE /* Build configuration list for PBXNativeTarget "gmangastudioUITests" */ = {
			isa = XCConfigurationList;
			buildConfigurations = (
				33B4430F2FFF74E900E36EDE /* Debug */,
				33B443102FFF74E900E36EDE /* Release */,
			);
			defaultConfigurationIsVisible = 0;
			defaultConfigurationName = Release;
		};
		A100000F2FFF74E900E36EDE /* Build configuration list for PBXNativeTarget "IllusStudioFramework" */ = {
			isa = XCConfigurationList;
			buildConfigurations = (
				A100000D2FFF74E900E36EDE /* Debug */,
				A100000E2FFF74E900E36EDE /* Release */,
			);
			defaultConfigurationIsVisible = 0;
			defaultConfigurationName = Release;
		};
/* End XCConfigurationList section */
	};
	rootObject = 33B442DF2FFF74E700E36EDE /* Project object */;
}
